// !$*UTF8*$!
{
	archiveVersion = 1;
	classes = {
	};
	objectVersion = 56;
	objects = {

/* Begin PBXBuildFile section */
		D57B43312C5809CE00D3C9FA /* metaCertificationPracticeApp.swift in Sources */ = {isa = PBXBuildFile; fileRef = D57B43302C5809CE00D3C9FA /* metaCertificationPracticeApp.swift */; };
		D57B43332C5809CE00D3C9FA /* ContentView.swift in Sources */ = {isa = PBXBuildFile; fileRef = D57B43322C5809CE00D3C9FA /* ContentView.swift */; };
		D57B43352C5809D100D3C9FA /* Assets.xcassets in Resources */ = {isa = PBXBuildFile; fileRef = D57B43342C5809D100D3C9FA /* Assets.xcassets */; };
		D57B43382C5809D100D3C9FA /* Preview Assets.xcassets in Resources */ = {isa = PBXBuildFile; fileRef = D57B43372C5809D100D3C9FA /* Preview Assets.xcassets */; };
		D57B43422C5809D100D3C9FA /* metaCertificationPracticeTests.swift in Sources */ = {isa = PBXBuildFile; fileRef = D57B43412C5809D100D3C9FA /* metaCertificationPracticeTests.swift */; };
		D57B434C2C5809D100D3C9FA /* metaCertificationPracticeUITests.swift in Sources */ = {isa = PBXBuildFile; fileRef = D57B434B2C5809D100D3C9FA /* metaCertificationPracticeUITests.swift */; };
		D57B434E2C5809D100D3C9FA /* metaCertificationPracticeUITestsLaunchTests.swift in Sources */ = {isa = PBXBuildFile; fileRef = D57B434D2C5809D100D3C9FA /* metaCertificationPracticeUITestsLaunchTests.swift */; };
/* End PBXBuildFile section */

/* Begin PBXContainerItemProxy section */
		D57B433E2C5809D100D3C9FA /* PBXContainerItemProxy */ = {
			isa = PBXContainerItemProxy;
			containerPortal = D57B43252C5809CE00D3C9FA /* Project object */;
			proxyType = 1;
			remoteGlobalIDString = D57B432C2C5809CE00D3C9FA;
			remoteInfo = metaCertificationPractice;
		};
		D57B43482C5809D100D3C9FA /* PBXContainerItemProxy */ = {
			isa = PBXContainerItemProxy;
			containerPortal = D57B43252C5809CE00D3C9FA /* Project object */;
			proxyType = 1;
			remoteGlobalIDString = D57B432C2C5809CE00D3C9FA;
			remoteInfo = metaCertificationPractice;
		};
/* End PBXContainerItemProxy section */

/* Begin PBXFileReference section */
		D57B432D2C5809CE00D3C9FA /* metaCertificationPractice.app */ = {isa = PBXFileReference; explicitFileType = wrapper.application; includeInIndex = 0; path = metaCertificationPractice.app; sourceTree = BUILT_PRODUCTS_DIR; };
		D57B43302C5809CE00D3C9FA /* metaCertificationPracticeApp.swift */ = {isa = PBXFileReference; lastKnownFileType = sourcecode.swift; path = metaCertificationPracticeApp.swift; sourceTree = "<group>"; };
		D57B43322C5809CE00D3C9FA /* ContentView.swift */ = {isa = PBXFileReference; lastKnownFileType = sourcecode.swift; path = ContentView.swift; sourceTree = "<group>"; };
		D57B43342C5809D100D3C9FA /* Assets.xcassets */ = {isa = PBXFileReference; lastKnownFileType = folder.assetcatalog; path = Assets.xcassets; sourceTree = "<group>"; };
		D57B43372C5809D100D3C9FA /* Preview Assets.xcassets */ = {isa = PBXFileReference; lastKnownFileType = folder.assetcatalog; path = "Preview Assets.xcassets"; sourceTree = "<group>"; };
		D57B433D2C5809D100D3C9FA /* metaCertificationPracticeTests.xctest */ = {isa = PBXFileReference; explicitFileType = wrapper.cfbundle; includeInIndex = 0; path = metaCertificationPracticeTests.xctest; sourceTree = BUILT_PRODUCTS_DIR; };
		D57B43412C5809D100D3C9FA /* metaCertificationPracticeTests.swift */ = {isa = PBXFileReference; lastKnownFileType = sourcecode.swift; path = metaCertificationPracticeTests.swift; sourceTree = "<group>"; };
		D57B43472C5809D100D3C9FA /* metaCertificationPracticeUITests.xctest */ = {isa = PBXFileReference; explicitFileType = wrapper.cfbundle; includeInIndex = 0; path = metaCertificationPracticeUITests.xctest; sourceTree = BUILT_PRODUCTS_DIR; };
		D57B434B2C5809D100D3C9FA /* metaCertificationPracticeUITests.swift */ = {isa = PBXFileReference; lastKnownFileType = sourcecode.swift; path = metaCertificationPracticeUITests.swift; sourceTree = "<group>"; };
		D57B434D2C5809D100D3C9FA /* metaCertificationPracticeUITestsLaunchTests.swift */ = {isa = PBXFileReference; lastKnownFileType = sourcecode.swift; path = metaCertificationPracticeUITestsLaunchTests.swift; sourceTree = "<group>"; };
/* End PBXFileReference section */

/* Begin PBXFrameworksBuildPhase section */
		D57B432A2C5809CE00D3C9FA /* Frameworks */ = {
			isa = PBXFrameworksBuildPhase;
			buildActionMask = 2147483647;
			files = (
			);
			runOnlyForDeploymentPostprocessing = 0;
		};
		D57B433A2C5809D100D3C9FA /* Frameworks */ = {
			isa = PBXFrameworksBuildPhase;
			buildActionMask = 2147483647;
			files = (
			);
			runOnlyForDeploymentPostprocessing = 0;
		};
		D57B43442C5809D100D3C9FA /* Frameworks */ = {
			isa = PBXFrameworksBuildPhase;
			buildActionMask = 2147483647;
			files = (
			);
			runOnlyForDeploymentPostprocessing = 0;
		};
/* End PBXFrameworksBuildPhase section */

/* Begin PBXGroup section */
		D57B43242C5809CE00D3C9FA = {
			isa = PBXGroup;
			children = (
				D57B432F2C5809CE00D3C9FA /* metaCertificationPractice */,
				D57B43402C5809D100D3C9FA /* metaCertificationPracticeTests */,
				D57B434A2C5809D100D3C9FA /* metaCertificationPracticeUITests */,
				D57B432E2C5809CE00D3C9FA /* Products */,
			);
			sourceTree = "<group>";
		};
		D57B432E2C5809CE00D3C9FA /* Products */ = {
			isa = PBXGroup;
			children = (
				D57B432D2C5809CE00D3C9FA /* metaCertificationPractice.app */,
				D57B433D2C5809D100D3C9FA /* metaCertificationPracticeTests.xctest */,
				D57B43472C5809D100D3C9FA /* metaCertificationPracticeUITests.xctest */,
			);
			name = Products;
			sourceTree = "<group>";
		};
		D57B432F2C5809CE00D3C9FA /* metaCertificationPractice */ = {
			isa = PBXGroup;
			children = (
				D57B43302C5809CE00D3C9FA /* metaCertificationPracticeApp.swift */,
				D57B43322C5809CE00D3C9FA /* ContentView.swift */,
				D57B43342C5809D100D3C9FA /* Assets.xcassets */,
				D57B43362C5809D100D3C9FA /* Preview Content */,
			);
			path = metaCertificationPractice;
			sourceTree = "<group>";
		};
		D57B43362C5809D100D3C9FA /* Preview Content */ = {
			isa = PBXGroup;
			children = (
				D57B43372C5809D100D3C9FA /* Preview Assets.xcassets */,
			);
			path = "Preview Content";
			sourceTree = "<group>";
		};
		D57B43402C5809D100D3C9FA /* metaCertificationPracticeTests */ = {
			isa = PBXGroup;
			children = (
				D57B43412C5809D100D3C9FA /* metaCertificationPracticeTests.swift */,
			);
			path = metaCertificationPracticeTests;
			sourceTree = "<group>";
		};
		D57B434A2C5809D100D3C9FA /* metaCertificationPracticeUITests */ = {
			isa = PBXGroup;
			children = (
				D57B434B2C5809D100D3C9FA /* metaCertificationPracticeUITests.swift */,
				D57B434D2C5809D100D3C9FA /* metaCertificationPracticeUITestsLaunchTests.swift */,
			);
			path = metaCertificationPracticeUITests;
			sourceTree = "<group>";
		};
/* End PBXGroup section */

/* Begin PBXNativeTarget section */
		D57B432C2C5809CE00D3C9FA /* metaCertificationPractice */ = {
			isa = PBXNativeTarget;
			buildConfigurationList = D57B43512C5809D100D3C9FA /* Build configuration list for PBXNativeTarget "metaCertificationPractice" */;
			buildPhases = (
				D57B43292C5809CE00D3C9FA /* Sources */,
				D57B432A2C5809CE00D3C9FA /* Frameworks */,
				D57B432B2C5809CE00D3C9FA /* Resources */,
			);
			buildRules = (
			);
			dependencies = (
			);
			name = metaCertificationPractice;
			productName = metaCertificationPractice;
			productReference = D57B432D2C5809CE00D3C9FA /* metaCertificationPractice.app */;
			productType = "com.apple.product-type.application";
		};
		D57B433C2C5809D100D3C9FA /* metaCertificationPracticeTests */ = {
			isa = PBXNativeTarget;
			buildConfigurationList = D57B43542C5809D100D3C9FA /* Build configuration list for PBXNativeTarget "metaCertificationPracticeTests" */;
			buildPhases = (
				D57B43392C5809D100D3C9FA /* Sources */,
				D57B433A2C5809D100D3C9FA /* Frameworks */,
				D57B433B2C5809D100D3C9FA /* Resources */,
			);
			buildRules = (
			);
			dependencies = (
				D57B433F2C5809D100D3C9FA /* PBXTargetDependency */,
			);
			name = metaCertificationPracticeTests;
			productName = metaCertificationPracticeTests;
			productReference = D57B433D2C5809D100D3C9FA /* metaCertificationPracticeTests.xctest */;
			productType = "com.apple.product-type.bundle.unit-test";
		};
		D57B43462C5809D100D3C9FA /* metaCertificationPracticeUITests */ = {
			isa = PBXNativeTarget;
			buildConfigurationList = D57B43572C5809D100D3C9FA /* Build configuration list for PBXNativeTarget "metaCertificationPracticeUITests" */;
			buildPhases = (
				D57B43432C5809D100D3C9FA /* Sources */,
				D57B43442C5809D100D3C9FA /* Frameworks */,
				D57B43452C5809D100D3C9FA /* Resources */,
			);
			buildRules = (
			);
			dependencies = (
				D57B43492C5809D100D3C9FA /* PBXTargetDependency */,
			);
			name = metaCertificationPracticeUITests;
			productName = metaCertificationPracticeUITests;
			productReference = D57B43472C5809D100D3C9FA /* metaCertificationPracticeUITests.xctest */;
			productType = "com.apple.product-type.bundle.ui-testing";
		};
/* End PBXNativeTarget section */

/* Begin PBXProject section */
		D57B43252C5809CE00D3C9FA /* Project object */ = {
			isa = PBXProject;
			attributes = {
				BuildIndependentTargetsInParallel = 1;
				LastSwiftUpdateCheck = 1540;
				LastUpgradeCheck = 1540;
				TargetAttributes = {
					D57B432C2C5809CE00D3C9FA = {
						CreatedOnToolsVersion = 15.4;
					};
					D57B433C2C5809D100D3C9FA = {
						CreatedOnToolsVersion = 15.4;
						TestTargetID = D57B432C2C5809CE00D3C9FA;
					};
					D57B43462C5809D100D3C9FA = {
						CreatedOnToolsVersion = 15.4;
						TestTargetID = D57B432C2C5809CE00D3C9FA;
					};
				};
			};
			buildConfigurationList = D57B43282C5809CE00D3C9FA /* Build configuration list for PBXProject "metaCertificationPractice" */;
			compatibilityVersion = "Xcode 14.0";
			developmentRegion = en;
			hasScannedForEncodings = 0;
			knownRegions = (
				en,
				Base,
			);
			mainGroup = D57B43242C5809CE00D3C9FA;
			productRefGroup = D57B432E2C5809CE00D3C9FA /* Products */;
			projectDirPath = "";
			projectRoot = "";
			targets = (
				D57B432C2C5809CE00D3C9FA /* metaCertificationPractice */,
				D57B433C2C5809D100D3C9FA /* metaCertificationPracticeTests */,
				D57B43462C5809D100D3C9FA /* metaCertificationPracticeUITests */,
			);
		};
/* End PBXProject section */

/* Begin PBXResourcesBuildPhase section */
		D57B432B2C5809CE00D3C9FA /* Resources */ = {
			isa = PBXResourcesBuildPhase;
			buildActionMask = 2147483647;
			files = (
				D57B43382C5809D100D3C9FA /* Preview Assets.xcassets in Resources */,
				D57B43352C5809D100D3C9FA /* Assets.xcassets in Resources */,
			);
			runOnlyForDeploymentPostprocessing = 0;
		};
		D57B433B2C5809D100D3C9FA /* Resources */ = {
			isa = PBXResourcesBuildPhase;
			buildActionMask = 2147483647;
			files = (
			);
			runOnlyForDeploymentPostprocessing = 0;
		};
		D57B43452C5809D100D3C9FA /* Resources */ = {
			isa = PBXResourcesBuildPhase;
			buildActionMask = 2147483647;
			files = (
			);
			runOnlyForDeploymentPostprocessing = 0;
		};
/* End PBXResourcesBuildPhase section */

/* Begin PBXSourcesBuildPhase section */
		D57B43292C5809CE00D3C9FA /* Sources */ = {
			isa = PBXSourcesBuildPhase;
			buildActionMask = 2147483647;
			files = (
				D57B43332C5809CE00D3C9FA /* ContentView.swift in Sources */,
				D57B43312C5809CE00D3C9FA /* metaCertificationPracticeApp.swift in Sources */,
			);
			runOnlyForDeploymentPostprocessing = 0;
		};
		D57B43392C5809D100D3C9FA /* Sources */ = {
			isa = PBXSourcesBuildPhase;
			buildActionMask = 2147483647;
			files = (
				D57B43422C5809D100D3C9FA /* metaCertificationPracticeTests.swift in Sources */,
			);
			runOnlyForDeploymentPostprocessing = 0;
		};
		D57B43432C5809D100D3C9FA /* Sources */ = {
			isa = PBXSourcesBuildPhase;
			buildActionMask = 2147483647;
			files = (
				D57B434C2C5809D100D3C9FA /* metaCertificationPracticeUITests.swift in Sources */,
				D57B434E2C5809D100D3C9FA /* metaCertificationPracticeUITestsLaunchTests.swift in Sources */,
			);
			runOnlyForDeploymentPostprocessing = 0;
		};
/* End PBXSourcesBuildPhase section */

/* Begin PBXTargetDependency section */
		D57B433F2C5809D100D3C9FA /* PBXTargetDependency */ = {
			isa = PBXTargetDependency;
			target = D57B432C2C5809CE00D3C9FA /* metaCertificationPractice */;
			targetProxy = D57B433E2C5809D100D3C9FA /* PBXContainerItemProxy */;
		};
		D57B43492C5809D100D3C9FA /* PBXTargetDependency */ = {
			isa = PBXTargetDependency;
			target = D57B432C2C5809CE00D3C9FA /* metaCertificationPractice */;
			targetProxy = D57B43482C5809D100D3C9FA /* PBXContainerItemProxy */;
		};
/* End PBXTargetDependency section */

/* Begin XCBuildConfiguration section */
		D57B434F2C5809D100D3C9FA /* Debug */ = {
			isa = XCBuildConfiguration;
			buildSettings = {
				ALWAYS_SEARCH_USER_PATHS = NO;
				ASSETCATALOG_COMPILER_GENERATE_SWIFT_ASSET_SYMBOL_EXTENSIONS = YES;
				CLANG_ANALYZER_NONNULL = YES;
				CLANG_ANALYZER_NUMBER_OBJECT_CONVERSION = YES_AGGRESSIVE;
				CLANG_CXX_LANGUAGE_STANDARD = "gnu++20";
				CLANG_ENABLE_MODULES = YES;
				CLANG_ENABLE_OBJC_ARC = YES;
				CLANG_ENABLE_OBJC_WEAK = YES;
				CLANG_WARN_BLOCK_CAPTURE_AUTORELEASING = YES;
				CLANG_WARN_BOOL_CONVERSION = YES;
				CLANG_WARN_COMMA = YES;
				CLANG_WARN_CONSTANT_CONVERSION = YES;
				CLANG_WARN_DEPRECATED_OBJC_IMPLEMENTATIONS = YES;
				CLANG_WARN_DIRECT_OBJC_ISA_USAGE = YES_ERROR;
				CLANG_WARN_DOCUMENTATION_COMMENTS = YES;
				CLANG_WARN_EMPTY_BODY = YES;
				CLANG_WARN_ENUM_CONVERSION = YES;
				CLANG_WARN_INFINITE_RECURSION = YES;
				CLANG_WARN_INT_CONVERSION = YES;
				CLANG_WARN_NON_LITERAL_NULL_CONVERSION = YES;
				CLANG_WARN_OBJC_IMPLICIT_RETAIN_SELF = YES;
				CLANG_WARN_OBJC_LITERAL_CONVERSION = YES;
				CLANG_WARN_OBJC_ROOT_CLASS = YES_ERROR;
				CLANG_WARN_QUOTED_INCLUDE_IN_FRAMEWORK_HEADER = YES;
				CLANG_WARN_RANGE_LOOP_ANALYSIS = YES;
				CLANG_WARN_STRICT_PROTOTYPES = YES;
				CLANG_WARN_SUSPICIOUS_MOVE = YES;
				CLANG_WARN_UNGUARDED_AVAILABILITY = YES_AGGRESSIVE;
				CLANG_WARN_UNREACHABLE_CODE = YES;
				CLANG_WARN__DUPLICATE_METHOD_MATCH = YES;
				COPY_PHASE_STRIP = NO;
				DEBUG_INFORMATION_FORMAT = dwarf;
				ENABLE_STRICT_OBJC_MSGSEND = YES;
				ENABLE_TESTABILITY = YES;
				ENABLE_USER_SCRIPT_SANDBOXING = YES;
				GCC_C_LANGUAGE_STANDARD = gnu17;
				GCC_DYNAMIC_NO_PIC = NO;
				GCC_NO_COMMON_BLOCKS = YES;
				GCC_OPTIMIZATION_LEVEL = 0;
				GCC_PREPROCESSOR_DEFINITIONS = (
					"DEBUG=1",
					"$(inherited)",
				);
				GCC_WARN_64_TO_32_BIT_CONVERSION = YES;
				GCC_WARN_ABOUT_RETURN_TYPE = YES_ERROR;
				GCC_WARN_UNDECLARED_SELECTOR = YES;
				GCC_WARN_UNINITIALIZED_AUTOS = YES_AGGRESSIVE;
				GCC_WARN_UNUSED_FUNCTION = YES;
				GCC_WARN_UNUSED_VARIABLE = YES;
				IPHONEOS_DEPLOYMENT_TARGET = 17.5;
				LOCALIZATION_PREFERS_STRING_CATALOGS = YES;
				MTL_ENABLE_DEBUG_INFO = INCLUDE_SOURCE;
				MTL_FAST_MATH = YES;
				ONLY_ACTIVE_ARCH = YES;
				SDKROOT = iphoneos;
				SWIFT_ACTIVE_COMPILATION_CONDITIONS = "DEBUG $(inherited)";
				SWIFT_OPTIMIZATION_LEVEL = "-Onone";
			};
			name = Debug;
		};
		D57B43502C5809D100D3C9FA /* Release */ = {
			isa = XCBuildConfiguration;
			buildSettings = {
				ALWAYS_SEARCH_USER_PATHS = NO;
				ASSETCATALOG_COMPILER_GENERATE_SWIFT_ASSET_SYMBOL_EXTENSIONS = YES;
				CLANG_ANALYZER_NONNULL = YES;
				CLANG_ANALYZER_NUMBER_OBJECT_CONVERSION = YES_AGGRESSIVE;
				CLANG_CXX_LANGUAGE_STANDARD = "gnu++20";
				CLANG_ENABLE_MODULES = YES;
				CLANG_ENABLE_OBJC_ARC = YES;
				CLANG_ENABLE_OBJC_WEAK = YES;
				CLANG_WARN_BLOCK_CAPTURE_AUTORELEASING = YES;
				CLANG_WARN_BOOL_CONVERSION = YES;
				CLANG_WARN_COMMA = YES;
				CLANG_WARN_CONSTANT_CONVERSION = YES;
				CLANG_WARN_DEPRECATED_OBJC_IMPLEMENTATIONS = YES;
				CLANG_WARN_DIRECT_OBJC_ISA_USAGE = YES_ERROR;
				CLANG_WARN_DOCUMENTATION_COMMENTS = YES;
				CLANG_WARN_EMPTY_BODY = YES;
				CLANG_WARN_ENUM_CONVERSION = YES;
				CLANG_WARN_INFINITE_RECURSION = YES;
				CLANG_WARN_INT_CONVERSION = YES;
				CLANG_WARN_NON_LITERAL_NULL_CONVERSION = YES;
				CLANG_WARN_OBJC_IMPLICIT_RETAIN_SELF = YES;
				CLANG_WARN_OBJC_LITERAL_CONVERSION = YES;
				CLANG_WARN_OBJC_ROOT_CLASS = YES_ERROR;
				CLANG_WARN_QUOTED_INCLUDE_IN_FRAMEWORK_HEADER = YES;
				CLANG_WARN_RANGE_LOOP_ANALYSIS = YES;
				CLANG_WARN_STRICT_PROTOTYPES = YES;
				CLANG_WARN_SUSPICIOUS_MOVE = YES;
				CLANG_WARN_UNGUARDED_AVAILABILITY = YES_AGGRESSIVE;
				CLANG_WARN_UNREACHABLE_CODE = YES;
				CLANG_WARN__DUPLICATE_METHOD_MATCH = YES;
				COPY_PHASE_STRIP = NO;
				DEBUG_INFORMATION_FORMAT = "dwarf-with-dsym";
				ENABLE_NS_ASSERTIONS = NO;
				ENABLE_STRICT_OBJC_MSGSEND = YES;
				ENABLE_USER_SCRIPT_SANDBOXING = YES;
				GCC_C_LANGUAGE_STANDARD = gnu17;
				GCC_NO_COMMON_BLOCKS = YES;
				GCC_WARN_64_TO_32_BIT_CONVERSION = YES;
				GCC_WARN_ABOUT_RETURN_TYPE = YES_ERROR;
				GCC_WARN_UNDECLARED_SELECTOR = YES;
				GCC_WARN_UNINITIALIZED_AUTOS = YES_AGGRESSIVE;
				GCC_WARN_UNUSED_FUNCTION = YES;
				GCC_WARN_UNUSED_VARIABLE = YES;
				IPHONEOS_DEPLOYMENT_TARGET = 17.5;
				LOCALIZATION_PREFERS_STRING_CATALOGS = YES;
				MTL_ENABLE_DEBUG_INFO = NO;
				MTL_FAST_MATH = YES;
				SDKROOT = iphoneos;
				SWIFT_COMPILATION_MODE = wholemodule;
				VALIDATE_PRODUCT = YES;
			};
			name = Release;
		};
		D57B43522C5809D100D3C9FA /* Debug */ = {
			isa = XCBuildConfiguration;
			buildSettings = {
				ASSETCATALOG_COMPILER_APPICON_NAME = AppIcon;
				ASSETCATALOG_COMPILER_GLOBAL_ACCENT_COLOR_NAME = AccentColor;
				CODE_SIGN_STYLE = Automatic;
				CURRENT_PROJECT_VERSION = 1;
				DEVELOPMENT_ASSET_PATHS = "\"metaCertificationPractice/Preview Content\"";
				DEVELOPMENT_TEAM = J6HQ2444HR;
				ENABLE_PREVIEWS = YES;
				GENERATE_INFOPLIST_FILE = YES;
				INFOPLIST_KEY_UIApplicationSceneManifest_Generation = YES;
				INFOPLIST_KEY_UIApplicationSupportsIndirectInputEvents = YES;
				INFOPLIST_KEY_UILaunchScreen_Generation = YES;
				INFOPLIST_KEY_UISupportedInterfaceOrientations_iPad = "UIInterfaceOrientationPortrait UIInterfaceOrientationPortraitUpsideDown UIInterfaceOrientationLandscapeLeft UIInterfaceOrientationLandscapeRight";
				INFOPLIST_KEY_UISupportedInterfaceOrientations_iPhone = "UIInterfaceOrientationPortrait UIInterfaceOrientationLandscapeLeft UIInterfaceOrientationLandscapeRight";
				LD_RUNPATH_SEARCH_PATHS = (
					"$(inherited)",
					"@executable_path/Frameworks",
				);
				MARKETING_VERSION = 1.0;
				PRODUCT_BUNDLE_IDENTIFIER = com.navya.metaCertificationPractice;
				PRODUCT_NAME = "$(TARGET_NAME)";
				SWIFT_EMIT_LOC_STRINGS = YES;
				SWIFT_VERSION = 5.0;
				TARGETED_DEVICE_FAMILY = "1,2";
			};
			name = Debug;
		};
		D57B43532C5809D100D3C9FA /* Release */ = {
			isa = XCBuildConfiguration;
			buildSettings = {
				ASSETCATALOG_COMPILER_APPICON_NAME = AppIcon;
				ASSETCATALOG_COMPILER_GLOBAL_ACCENT_COLOR_NAME = AccentColor;
				CODE_SIGN_STYLE = Automatic;
				CURRENT_PROJECT_VERSION = 1;
				DEVELOPMENT_ASSET_PATHS = "\"metaCertificationPractice/Preview Content\"";
				DEVELOPMENT_TEAM = J6HQ2444HR;
				ENABLE_PREVIEWS = YES;
				GENERATE_INFOPLIST_FILE = YES;
				INFOPLIST_KEY_UIApplicationSceneManifest_Generation = YES;
				INFOPLIST_KEY_UIApplicationSupportsIndirectInputEvents = YES;
				INFOPLIST_KEY_UILaunchScreen_Generation = YES;
				INFOPLIST_KEY_UISupportedInterfaceOrientations_iPad = "UIInterfaceOrientationPortrait UIInterfaceOrientationPortraitUpsideDown UIInterfaceOrientationLandscapeLeft UIInterfaceOrientationLandscapeRight";
				INFOPLIST_KEY_UISupportedInterfaceOrientations_iPhone = "UIInterfaceOrientationPortrait UIInterfaceOrientationLandscapeLeft UIInterfaceOrientationLandscapeRight";
				LD_RUNPATH_SEARCH_PATHS = (
					"$(inherited)",
					"@executable_path/Frameworks",
				);
				MARKETING_VERSION = 1.0;
				PRODUCT_BUNDLE_IDENTIFIER = com.navya.metaCertificationPractice;
				PRODUCT_NAME = "$(TARGET_NAME)";
				SWIFT_EMIT_LOC_STRINGS = YES;
				SWIFT_VERSION = 5.0;
				TARGETED_DEVICE_FAMILY = "1,2";
			};
			name = Release;
		};
		D57B43552C5809D100D3C9FA /* Debug */ = {
			isa = XCBuildConfiguration;
			buildSettings = {
				ALWAYS_EMBED_SWIFT_STANDARD_LIBRARIES = YES;
				BUNDLE_LOADER = "$(TEST_HOST)";
				CODE_SIGN_STYLE = Automatic;
				CURRENT_PROJECT_VERSION = 1;
				DEVELOPMENT_TEAM = J6HQ2444HR;
				GENERATE_INFOPLIST_FILE = YES;
				IPHONEOS_DEPLOYMENT_TARGET = 17.5;
				MARKETING_VERSION = 1.0;
				PRODUCT_BUNDLE_IDENTIFIER = com.navya.metaCertificationPracticeTests;
				PRODUCT_NAME = "$(TARGET_NAME)";
				SWIFT_EMIT_LOC_STRINGS = NO;
				SWIFT_VERSION = 5.0;
				TARGETED_DEVICE_FAMILY = "1,2";
				TEST_HOST = "$(BUILT_PRODUCTS_DIR)/metaCertificationPractice.app/$(BUNDLE_EXECUTABLE_FOLDER_PATH)/metaCertificationPractice";
			};
			name = Debug;
		};
		D57B43562C5809D100D3C9FA /* Release */ = {
			isa = XCBuildConfiguration;
			buildSettings = {
				ALWAYS_EMBED_SWIFT_STANDARD_LIBRARIES = YES;
				BUNDLE_LOADER = "$(TEST_HOST)";
				CODE_SIGN_STYLE = Automatic;
				CURRENT_PROJECT_VERSION = 1;
				DEVELOPMENT_TEAM = J6HQ2444HR;
				GENERATE_INFOPLIST_FILE = YES;
				IPHONEOS_DEPLOYMENT_TARGET = 17.5;
				MARKETING_VERSION = 1.0;
				PRODUCT_BUNDLE_IDENTIFIER = com.navya.metaCertificationPracticeTests;
				PRODUCT_NAME = "$(TARGET_NAME)";
				SWIFT_EMIT_LOC_STRINGS = NO;
				SWIFT_VERSION = 5.0;
				TARGETED_DEVICE_FAMILY = "1,2";
				TEST_HOST = "$(BUILT_PRODUCTS_DIR)/metaCertificationPractice.app/$(BUNDLE_EXECUTABLE_FOLDER_PATH)/metaCertificationPractice";
			};
			name = Release;
		};
		D57B43582C5809D100D3C9FA /* Debug */ = {
			isa = XCBuildConfiguration;
			buildSettings = {
				ALWAYS_EMBED_SWIFT_STANDARD_LIBRARIES = YES;
				CODE_SIGN_STYLE = Automatic;
				CURRENT_PROJECT_VERSION = 1;
				DEVELOPMENT_TEAM = J6HQ2444HR;
				GENERATE_INFOPLIST_FILE = YES;
				MARKETING_VERSION = 1.0;
				PRODUCT_BUNDLE_IDENTIFIER = com.navya.metaCertificationPracticeUITests;
				PRODUCT_NAME = "$(TARGET_NAME)";
				SWIFT_EMIT_LOC_STRINGS = NO;
				SWIFT_VERSION = 5.0;
				TARGETED_DEVICE_FAMILY = "1,2";
				TEST_TARGET_NAME = metaCertificationPractice;
			};
			name = Debug;
		};
		D57B43592C5809D100D3C9FA /* Release */ = {
			isa = XCBuildConfiguration;
			buildSettings = {
				ALWAYS_EMBED_SWIFT_STANDARD_LIBRARIES = YES;
				CODE_SIGN_STYLE = Automatic;
				CURRENT_PROJECT_VERSION = 1;
				DEVELOPMENT_TEAM = J6HQ2444HR;
				GENERATE_INFOPLIST_FILE = YES;
				MARKETING_VERSION = 1.0;
				PRODUCT_BUNDLE_IDENTIFIER = com.navya.metaCertificationPracticeUITests;
				PRODUCT_NAME = "$(TARGET_NAME)";
				SWIFT_EMIT_LOC_STRINGS = NO;
				SWIFT_VERSION = 5.0;
				TARGETED_DEVICE_FAMILY = "1,2";
				TEST_TARGET_NAME = metaCertificationPractice;
			};
			name = Release;
		};
/* End XCBuildConfiguration section */

/* Begin XCConfigurationList section */
		D57B43282C5809CE00D3C9FA /* Build configuration list for PBXProject "metaCertificationPractice" */ = {
			isa = XCConfigurationList;
			buildConfigurations = (
				D57B434F2C5809D100D3C9FA /* Debug */,
				D57B43502C5809D100D3C9FA /* Release */,
			);
			defaultConfigurationIsVisible = 0;
			defaultConfigurationName = Release;
		};
		D57B43512C5809D100D3C9FA /* Build configuration list for PBXNativeTarget "metaCertificationPractice" */ = {
			isa = XCConfigurationList;
			buildConfigurations = (
				D57B43522C5809D100D3C9FA /* Debug */,
				D57B43532C5809D100D3C9FA /* Release */,
			);
			defaultConfigurationIsVisible = 0;
			defaultConfigurationName = Release;
		};
		D57B43542C5809D100D3C9FA /* Build configuration list for PBXNativeTarget "metaCertificationPracticeTests" */ = {
			isa = XCConfigurationList;
			buildConfigurations = (
				D57B43552C5809D100D3C9FA /* Debug */,
				D57B43562C5809D100D3C9FA /* Release */,
			);
			defaultConfigurationIsVisible = 0;
			defaultConfigurationName = Release;
		};
		D57B43572C5809D100D3C9FA /* Build configuration list for PBXNativeTarget "metaCertificationPracticeUITests" */ = {
			isa = XCConfigurationList;
			buildConfigurations = (
				D57B43582C5809D100D3C9FA /* Debug */,
				D57B43592C5809D100D3C9FA /* Release */,
			);
			defaultConfigurationIsVisible = 0;
			defaultConfigurationName = Release;
		};
/* End XCConfigurationList section */
	};
	rootObject = D57B43252C5809CE00D3C9FA /* Project object */;
}
